
Microsoft Visual Studio Solution File, Format Version 12.00
# Visual Studio Version 16
VisualStudioVersion = 16.0.31624.102
MinimumVisualStudioVersion = 10.0.40219.1
Project("{FAE04EC0-301F-11D3-BF4B-00C04F79EFBC}") = "PeaTool", "PeaTool\PeaTool.csproj", "{86AB1F46-EE64-4F95-8E40-776299FA6B96}"
EndProject
Project("{FAE04EC0-301F-11D3-BF4B-00C04F79EFBC}") = "PeaTool.Try", "PeaTool.Try\PeaTool.Try.csproj", "{093D10E5-9013-49F8-8437-E19FAEEEB7A5}"
EndProject
Global
	GlobalSection(SolutionConfigurationPlatforms) = preSolution
		Debug|Any CPU = Debug|Any CPU
		Release|Any CPU = Release|Any CPU
	EndGlobalSection
	GlobalSection(ProjectConfigurationPlatforms) = postSolution
		{86AB1F46-EE64-4F95-8E40-776299FA6B96}.Debug|Any CPU.ActiveCfg = Debug|Any CPU
		{86AB1F46-EE64-4F95-8E40-776299FA6B96}.Debug|Any CPU.Build.0 = Debug|Any CPU
		{86AB1F46-EE64-4F95-8E40-776299FA6B96}.Release|Any CPU.ActiveCfg = Release|Any CPU
		{86AB1F46-EE64-4F95-8E40-776299FA6B96}.Release|Any CPU.Build.0 = Release|Any CPU
		{093D10E5-9013-49F8-8437-E19FAEEEB7A5}.Debug|Any CPU.ActiveCfg = Debug|Any CPU
		{093D10E5-9013-49F8-8437-E19FAEEEB7A5}.Debug|Any CPU.Build.0 = Debug|Any CPU
		{093D10E5-9013-49F8-8437-E19FAEEEB7A5}.Release|Any CPU.ActiveCfg = Release|Any CPU
		{093D10E5-9013-49F8-8437-E19FAEEEB7A5}.Release|Any CPU.Build.0 = Release|Any CPU
	EndGlobalSection
	GlobalSection(SolutionProperties) = preSolution
		HideSolutionNode = FALSE
	EndGlobalSection
	GlobalSection(ExtensibilityGlobals) = postSolution
		SolutionGuid = {561AD3F9-60D9-40B0-AD8F-4F0330B003D1}
	EndGlobalSection
EndGlobal
